PODS:
  - Alamofire (4.7.2)
  - RxCocoa (4.1.2):
    - RxSwift (~> 4.0)
  - RxSwift (4.1.2)
  - SVProgressHUD (2.2.5)
  - SwiftyJSON (4.1.0)

DEPENDENCIES:
  - Alamofire
  - RxCocoa
  - RxSwift
  - SVProgressHUD
  - SwiftyJSON

SPEC REPOS:
  https://github.com/cocoapods/specs.git:
    - Alamofire
    - RxCocoa
    - RxSwift
    - SVProgressHUD
    - SwiftyJSON

SPEC CHECKSUMS:
  Alamofire: e4fa87002c137ba2d8d634d2c51fabcda0d5c223
  RxCocoa: d88ba0f1f6abf040011a9eb4b539324fc426843a
  RxSwift: e49536837d9901277638493ea537394d4b55f570
  SVProgressHUD: 1428aafac632c1f86f62aa4243ec12008d7a51d6
  SwiftyJSON: c29297daf073d2aa016295d5809cdd68045c39b3

PODFILE CHECKSUM: 8ef05ee3dcdde4ab1a4a04c9cc833ba8703209d3

COCOAPODS: 1.5.3
